
Microsoft Visual Studio Solution File, Format Version 12.00
# Visual Studio Version 17
VisualStudioVersion = 17.1.32328.378
MinimumVisualStudioVersion = 10.0.40219.1
Project("{9A19103F-16F7-4668-BE54-9A1E7A4F7556}") = "HyperCloud", "HyperCloud\HyperCloud.csproj", "{4D3BF533-C9A3-423E-85AB-6228476784DE}"
EndProject
Project("{9A19103F-16F7-4668-BE54-9A1E7A4F7556}") = "ApiGateway", "ApiGateway\src\ApiGateway.csproj", "{525EF2B9-25A8-44F8-ABB4-D62618ED2C01}"
EndProject
Project("{2150E333-8FDC-42A3-9474-1A3956D46DE8}") = "ApiGateway", "ApiGateway", "{596FBCF3-15FA-4CCE-AB54-052F4F4750D9}"
EndProject
Project("{2150E333-8FDC-42A3-9474-1A3956D46DE8}") = "src", "src", "{70FE53ED-C5A7-482D-86B6-33378F8F4721}"
EndProject
Project("{2150E333-8FDC-42A3-9474-1A3956D46DE8}") = "Core", "Core", "{4A0909F0-FC76-4E79-88D7-B18CDAEA06E0}"
EndProject
Project("{2150E333-8FDC-42A3-9474-1A3956D46DE8}") = "Modules", "Modules", "{74681D39-BCFB-484C-AE9C-8DF0B0EC441A}"
EndProject
Project("{2150E333-8FDC-42A3-9474-1A3956D46DE8}") = "Identity", "Identity", "{79583207-555E-4120-9111-8BBF89365235}"
EndProject
Project("{2150E333-8FDC-42A3-9474-1A3956D46DE8}") = "src", "src", "{82539220-DD20-4327-808F-A3D3540F876A}"
EndProject
Project("{9A19103F-16F7-4668-BE54-9A1E7A4F7556}") = "Identity.Api", "Modules\Identity\src\Identity.Api\Identity.Api.csproj", "{728265CD-C3FC-4680-ABE0-9D7DF1C16990}"
EndProject
Project("{9A19103F-16F7-4668-BE54-9A1E7A4F7556}") = "Identity.Application", "Modules\Identity\src\Identity.Application\Identity.Application.csproj", "{EAB2187C-3ADF-4516-BD31-72A3823EEC48}"
EndProject
Project("{9A19103F-16F7-4668-BE54-9A1E7A4F7556}") = "Identity.Common", "Modules\Identity\src\Identity.Common\Identity.Common.csproj", "{92258A12-61F4-4017-9AC9-FD7129A00286}"
EndProject
Project("{9A19103F-16F7-4668-BE54-9A1E7A4F7556}") = "Identity.Domain", "Modules\Identity\src\Identity.Domain\Identity.Domain.csproj", "{0EAAA1FD-153A-4B13-B7BA-BD2E0E01AFBC}"
EndProject
Project("{2150E333-8FDC-42A3-9474-1A3956D46DE8}") = "tests", "tests", "{8886EB97-C9DC-4078-85C1-029B4935C661}"
EndProject
Project("{9A19103F-16F7-4668-BE54-9A1E7A4F7556}") = "Data", "Core\Data\Data.csproj", "{D8A9910B-BAA5-4692-8EA9-785BD5CB0634}"
EndProject
Project("{9A19103F-16F7-4668-BE54-9A1E7A4F7556}") = "Identity.Repository", "Modules\Identity\src\Identity.Repository\Identity.Repository.csproj", "{91D6F4E0-53D2-45C8-9F26-F6165EB355BC}"
EndProject
Project("{2150E333-8FDC-42A3-9474-1A3956D46DE8}") = "Post", "Post", "{EDA8F4FD-074C-4C30-B5DD-8DA8ED3BC274}"
EndProject
Project("{2150E333-8FDC-42A3-9474-1A3956D46DE8}") = "src", "src", "{2D78E282-47A7-4922-BCF0-68F9BADB94B7}"
EndProject
Project("{2150E333-8FDC-42A3-9474-1A3956D46DE8}") = "tests", "tests", "{F8F5A35F-0860-4663-8530-D536017FC2A3}"
EndProject
Project("{9A19103F-16F7-4668-BE54-9A1E7A4F7556}") = "Post.Api", "Modules\Post\src\Post.Api\Post.Api.csproj", "{7789333D-81A5-4AE8-9BB5-AB14992D5479}"
EndProject
Project("{9A19103F-16F7-4668-BE54-9A1E7A4F7556}") = "Post.Application", "Modules\Post\src\Post.Application\Post.Application.csproj", "{20F2571F-49FE-4135-90BF-4B695185F34D}"
EndProject
Project("{9A19103F-16F7-4668-BE54-9A1E7A4F7556}") = "Post.Common", "Modules\Post\src\Post.Common\Post.Common.csproj", "{481FF148-FE6F-4229-B983-664CA8194F0B}"
EndProject
Project("{9A19103F-16F7-4668-BE54-9A1E7A4F7556}") = "Post.Domain", "Modules\Post\src\Post.Domain\Post.Domain.csproj", "{F1DE4D96-8341-4D51-8838-DAC389B1EDF6}"
EndProject
Project("{9A19103F-16F7-4668-BE54-9A1E7A4F7556}") = "Post.Repository", "Modules\Post\src\Post.Repository\Post.Repository.csproj", "{A416B63F-1BB7-4A23-8B42-4DD8638F2CDF}"
EndProject
Project("{2150E333-8FDC-42A3-9474-1A3956D46DE8}") = "Bff", "Bff", "{FBBD1DB4-223D-40AC-BDE2-9E0EAB53AF85}"
EndProject
Project("{2150E333-8FDC-42A3-9474-1A3956D46DE8}") = "Bff.Mobile", "Bff.Mobile", "{13D12197-0423-4358-A5AA-8B573C697BB2}"
EndProject
Project("{9A19103F-16F7-4668-BE54-9A1E7A4F7556}") = "Bff.Mobile.Api", "Bff\Bff.Mobile\Bff.Mobile.Api\Bff.Mobile.Api.csproj", "{EA7410BE-408B-4BC4-B2AF-2C9C3730468B}"
EndProject
Project("{9A19103F-16F7-4668-BE54-9A1E7A4F7556}") = "Identity.Abstraction", "Modules\Identity\src\Identity.Abstraction\Identity.Abstraction.csproj", "{9393CF51-D2E5-4BF2-8019-E706AA0899F4}"
EndProject
Project("{9A19103F-16F7-4668-BE54-9A1E7A4F7556}") = "Post.Abstraction", "Modules\Post\src\Post.Abstraction\Post.Abstraction.csproj", "{4D667A2A-F921-4A46-9BE2-4621768E7C9A}"
EndProject
Project("{9A19103F-16F7-4668-BE54-9A1E7A4F7556}") = "Api", "Core\Api\Api.csproj", "{4B6A4534-F875-4B63-A31B-E9003E4AD7F4}"
EndProject
Global
	GlobalSection(SolutionConfigurationPlatforms) = preSolution
		Debug|Any CPU = Debug|Any CPU
		Release|Any CPU = Release|Any CPU
	EndGlobalSection
	GlobalSection(ProjectConfigurationPlatforms) = postSolution
		{4D3BF533-C9A3-423E-85AB-6228476784DE}.Debug|Any CPU.ActiveCfg = Debug|Any CPU
		{4D3BF533-C9A3-423E-85AB-6228476784DE}.Debug|Any CPU.Build.0 = Debug|Any CPU
		{4D3BF533-C9A3-423E-85AB-6228476784DE}.Release|Any CPU.ActiveCfg = Release|Any CPU
		{4D3BF533-C9A3-423E-85AB-6228476784DE}.Release|Any CPU.Build.0 = Release|Any CPU
		{525EF2B9-25A8-44F8-ABB4-D62618ED2C01}.Debug|Any CPU.ActiveCfg = Debug|Any CPU
		{525EF2B9-25A8-44F8-ABB4-D62618ED2C01}.Debug|Any CPU.Build.0 = Debug|Any CPU
		{525EF2B9-25A8-44F8-ABB4-D62618ED2C01}.Release|Any CPU.ActiveCfg = Release|Any CPU
		{525EF2B9-25A8-44F8-ABB4-D62618ED2C01}.Release|Any CPU.Build.0 = Release|Any CPU
		{728265CD-C3FC-4680-ABE0-9D7DF1C16990}.Debug|Any CPU.ActiveCfg = Debug|Any CPU
		{728265CD-C3FC-4680-ABE0-9D7DF1C16990}.Debug|Any CPU.Build.0 = Debug|Any CPU
		{728265CD-C3FC-4680-ABE0-9D7DF1C16990}.Release|Any CPU.ActiveCfg = Release|Any CPU
		{728265CD-C3FC-4680-ABE0-9D7DF1C16990}.Release|Any CPU.Build.0 = Release|Any CPU
		{EAB2187C-3ADF-4516-BD31-72A3823EEC48}.Debug|Any CPU.ActiveCfg = Debug|Any CPU
		{EAB2187C-3ADF-4516-BD31-72A3823EEC48}.Debug|Any CPU.Build.0 = Debug|Any CPU
		{EAB2187C-3ADF-4516-BD31-72A3823EEC48}.Release|Any CPU.ActiveCfg = Release|Any CPU
		{EAB2187C-3ADF-4516-BD31-72A3823EEC48}.Release|Any CPU.Build.0 = Release|Any CPU
		{92258A12-61F4-4017-9AC9-FD7129A00286}.Debug|Any CPU.ActiveCfg = Debug|Any CPU
		{92258A12-61F4-4017-9AC9-FD7129A00286}.Debug|Any CPU.Build.0 = Debug|Any CPU
		{92258A12-61F4-4017-9AC9-FD7129A00286}.Release|Any CPU.ActiveCfg = Release|Any CPU
		{92258A12-61F4-4017-9AC9-FD7129A00286}.Release|Any CPU.Build.0 = Release|Any CPU
		{0EAAA1FD-153A-4B13-B7BA-BD2E0E01AFBC}.Debug|Any CPU.ActiveCfg = Debug|Any CPU
		{0EAAA1FD-153A-4B13-B7BA-BD2E0E01AFBC}.Debug|Any CPU.Build.0 = Debug|Any CPU
		{0EAAA1FD-153A-4B13-B7BA-BD2E0E01AFBC}.Release|Any CPU.ActiveCfg = Release|Any CPU
		{0EAAA1FD-153A-4B13-B7BA-BD2E0E01AFBC}.Release|Any CPU.Build.0 = Release|Any CPU
		{D8A9910B-BAA5-4692-8EA9-785BD5CB0634}.Debug|Any CPU.ActiveCfg = Debug|Any CPU
		{D8A9910B-BAA5-4692-8EA9-785BD5CB0634}.Debug|Any CPU.Build.0 = Debug|Any CPU
		{D8A9910B-BAA5-4692-8EA9-785BD5CB0634}.Release|Any CPU.ActiveCfg = Release|Any CPU
		{D8A9910B-BAA5-4692-8EA9-785BD5CB0634}.Release|Any CPU.Build.0 = Release|Any CPU
		{91D6F4E0-53D2-45C8-9F26-F6165EB355BC}.Debug|Any CPU.ActiveCfg = Debug|Any CPU
		{91D6F4E0-53D2-45C8-9F26-F6165EB355BC}.Debug|Any CPU.Build.0 = Debug|Any CPU
		{91D6F4E0-53D2-45C8-9F26-F6165EB355BC}.Release|Any CPU.ActiveCfg = Release|Any CPU
		{91D6F4E0-53D2-45C8-9F26-F6165EB355BC}.Release|Any CPU.Build.0 = Release|Any CPU
		{7789333D-81A5-4AE8-9BB5-AB14992D5479}.Debug|Any CPU.ActiveCfg = Debug|Any CPU
		{7789333D-81A5-4AE8-9BB5-AB14992D5479}.Debug|Any CPU.Build.0 = Debug|Any CPU
		{7789333D-81A5-4AE8-9BB5-AB14992D5479}.Release|Any CPU.ActiveCfg = Release|Any CPU
		{7789333D-81A5-4AE8-9BB5-AB14992D5479}.Release|Any CPU.Build.0 = Release|Any CPU
		{20F2571F-49FE-4135-90BF-4B695185F34D}.Debug|Any CPU.ActiveCfg = Debug|Any CPU
		{20F2571F-49FE-4135-90BF-4B695185F34D}.Debug|Any CPU.Build.0 = Debug|Any CPU
		{20F2571F-49FE-4135-90BF-4B695185F34D}.Release|Any CPU.ActiveCfg = Release|Any CPU
		{20F2571F-49FE-4135-90BF-4B695185F34D}.Release|Any CPU.Build.0 = Release|Any CPU
		{481FF148-FE6F-4229-B983-664CA8194F0B}.Debug|Any CPU.ActiveCfg = Debug|Any CPU
		{481FF148-FE6F-4229-B983-664CA8194F0B}.Debug|Any CPU.Build.0 = Debug|Any CPU
		{481FF148-FE6F-4229-B983-664CA8194F0B}.Release|Any CPU.ActiveCfg = Release|Any CPU
		{481FF148-FE6F-4229-B983-664CA8194F0B}.Release|Any CPU.Build.0 = Release|Any CPU
		{F1DE4D96-8341-4D51-8838-DAC389B1EDF6}.Debug|Any CPU.ActiveCfg = Debug|Any CPU
		{F1DE4D96-8341-4D51-8838-DAC389B1EDF6}.Debug|Any CPU.Build.0 = Debug|Any CPU
		{F1DE4D96-8341-4D51-8838-DAC389B1EDF6}.Release|Any CPU.ActiveCfg = Release|Any CPU
		{F1DE4D96-8341-4D51-8838-DAC389B1EDF6}.Release|Any CPU.Build.0 = Release|Any CPU
		{A416B63F-1BB7-4A23-8B42-4DD8638F2CDF}.Debug|Any CPU.ActiveCfg = Debug|Any CPU
		{A416B63F-1BB7-4A23-8B42-4DD8638F2CDF}.Debug|Any CPU.Build.0 = Debug|Any CPU
		{A416B63F-1BB7-4A23-8B42-4DD8638F2CDF}.Release|Any CPU.ActiveCfg = Release|Any CPU
		{A416B63F-1BB7-4A23-8B42-4DD8638F2CDF}.Release|Any CPU.Build.0 = Release|Any CPU
		{EA7410BE-408B-4BC4-B2AF-2C9C3730468B}.Debug|Any CPU.ActiveCfg = Debug|Any CPU
		{EA7410BE-408B-4BC4-B2AF-2C9C3730468B}.Debug|Any CPU.Build.0 = Debug|Any CPU
		{EA7410BE-408B-4BC4-B2AF-2C9C3730468B}.Release|Any CPU.ActiveCfg = Release|Any CPU
		{EA7410BE-408B-4BC4-B2AF-2C9C3730468B}.Release|Any CPU.Build.0 = Release|Any CPU
		{9393CF51-D2E5-4BF2-8019-E706AA0899F4}.Debug|Any CPU.ActiveCfg = Debug|Any CPU
		{9393CF51-D2E5-4BF2-8019-E706AA0899F4}.Debug|Any CPU.Build.0 = Debug|Any CPU
		{9393CF51-D2E5-4BF2-8019-E706AA0899F4}.Release|Any CPU.ActiveCfg = Release|Any CPU
		{9393CF51-D2E5-4BF2-8019-E706AA0899F4}.Release|Any CPU.Build.0 = Release|Any CPU
		{4D667A2A-F921-4A46-9BE2-4621768E7C9A}.Debug|Any CPU.ActiveCfg = Debug|Any CPU
		{4D667A2A-F921-4A46-9BE2-4621768E7C9A}.Debug|Any CPU.Build.0 = Debug|Any CPU
		{4D667A2A-F921-4A46-9BE2-4621768E7C9A}.Release|Any CPU.ActiveCfg = Release|Any CPU
		{4D667A2A-F921-4A46-9BE2-4621768E7C9A}.Release|Any CPU.Build.0 = Release|Any CPU
		{4B6A4534-F875-4B63-A31B-E9003E4AD7F4}.Debug|Any CPU.ActiveCfg = Debug|Any CPU
		{4B6A4534-F875-4B63-A31B-E9003E4AD7F4}.Debug|Any CPU.Build.0 = Debug|Any CPU
		{4B6A4534-F875-4B63-A31B-E9003E4AD7F4}.Release|Any CPU.ActiveCfg = Release|Any CPU
		{4B6A4534-F875-4B63-A31B-E9003E4AD7F4}.Release|Any CPU.Build.0 = Release|Any CPU
	EndGlobalSection
	GlobalSection(SolutionProperties) = preSolution
		HideSolutionNode = FALSE
	EndGlobalSection
	GlobalSection(NestedProjects) = preSolution
		{525EF2B9-25A8-44F8-ABB4-D62618ED2C01} = {70FE53ED-C5A7-482D-86B6-33378F8F4721}
		{70FE53ED-C5A7-482D-86B6-33378F8F4721} = {596FBCF3-15FA-4CCE-AB54-052F4F4750D9}
		{79583207-555E-4120-9111-8BBF89365235} = {74681D39-BCFB-484C-AE9C-8DF0B0EC441A}
		{82539220-DD20-4327-808F-A3D3540F876A} = {79583207-555E-4120-9111-8BBF89365235}
		{728265CD-C3FC-4680-ABE0-9D7DF1C16990} = {82539220-DD20-4327-808F-A3D3540F876A}
		{EAB2187C-3ADF-4516-BD31-72A3823EEC48} = {82539220-DD20-4327-808F-A3D3540F876A}
		{92258A12-61F4-4017-9AC9-FD7129A00286} = {82539220-DD20-4327-808F-A3D3540F876A}
		{0EAAA1FD-153A-4B13-B7BA-BD2E0E01AFBC} = {82539220-DD20-4327-808F-A3D3540F876A}
		{8886EB97-C9DC-4078-85C1-029B4935C661} = {79583207-555E-4120-9111-8BBF89365235}
		{D8A9910B-BAA5-4692-8EA9-785BD5CB0634} = {4A0909F0-FC76-4E79-88D7-B18CDAEA06E0}
		{91D6F4E0-53D2-45C8-9F26-F6165EB355BC} = {82539220-DD20-4327-808F-A3D3540F876A}
		{EDA8F4FD-074C-4C30-B5DD-8DA8ED3BC274} = {74681D39-BCFB-484C-AE9C-8DF0B0EC441A}
		{2D78E282-47A7-4922-BCF0-68F9BADB94B7} = {EDA8F4FD-074C-4C30-B5DD-8DA8ED3BC274}
		{F8F5A35F-0860-4663-8530-D536017FC2A3} = {EDA8F4FD-074C-4C30-B5DD-8DA8ED3BC274}
		{7789333D-81A5-4AE8-9BB5-AB14992D5479} = {2D78E282-47A7-4922-BCF0-68F9BADB94B7}
		{20F2571F-49FE-4135-90BF-4B695185F34D} = {2D78E282-47A7-4922-BCF0-68F9BADB94B7}
		{481FF148-FE6F-4229-B983-664CA8194F0B} = {2D78E282-47A7-4922-BCF0-68F9BADB94B7}
		{F1DE4D96-8341-4D51-8838-DAC389B1EDF6} = {2D78E282-47A7-4922-BCF0-68F9BADB94B7}
		{A416B63F-1BB7-4A23-8B42-4DD8638F2CDF} = {2D78E282-47A7-4922-BCF0-68F9BADB94B7}
		{13D12197-0423-4358-A5AA-8B573C697BB2} = {FBBD1DB4-223D-40AC-BDE2-9E0EAB53AF85}
		{EA7410BE-408B-4BC4-B2AF-2C9C3730468B} = {13D12197-0423-4358-A5AA-8B573C697BB2}
		{9393CF51-D2E5-4BF2-8019-E706AA0899F4} = {82539220-DD20-4327-808F-A3D3540F876A}
		{4D667A2A-F921-4A46-9BE2-4621768E7C9A} = {2D78E282-47A7-4922-BCF0-68F9BADB94B7}
		{4B6A4534-F875-4B63-A31B-E9003E4AD7F4} = {4A0909F0-FC76-4E79-88D7-B18CDAEA06E0}
	EndGlobalSection
	GlobalSection(ExtensibilityGlobals) = postSolution
		SolutionGuid = {3E2C790C-FBED-4BDB-800D-30DC1E60260B}
	EndGlobalSection
EndGlobal
